
Microsoft Visual Studio Solution File, Format Version 12.00
# Visual Studio Version 17
VisualStudioVersion = 17.13.35931.197 d17.13
MinimumVisualStudioVersion = 10.0.40219.1
Project("{FAE04EC0-301F-11D3-BF4B-00C04F79EFBC}") = "S250522_datetimePicker", "S250522_datetimePicker.csproj", "{C45EFF22-4921-48DF-800B-605756881C9D}"
EndProject
Global
	GlobalSection(SolutionConfigurationPlatforms) = preSolution
		Debug|Any CPU = Debug|Any CPU
		Release|Any CPU = Release|Any CPU
	EndGlobalSection
	GlobalSection(ProjectConfigurationPlatforms) = postSolution
		{C45EFF22-4921-48DF-800B-605756881C9D}.Debug|Any CPU.ActiveCfg = Debug|Any CPU
		{C45EFF22-4921-48DF-800B-605756881C9D}.Debug|Any CPU.Build.0 = Debug|Any CPU
		{C45EFF22-4921-48DF-800B-605756881C9D}.Release|Any CPU.ActiveCfg = Release|Any CPU
		{C45EFF22-4921-48DF-800B-605756881C9D}.Release|Any CPU.Build.0 = Release|Any CPU
	EndGlobalSection
	GlobalSection(SolutionProperties) = preSolution
		HideSolutionNode = FALSE
	EndGlobalSection
	GlobalSection(ExtensibilityGlobals) = postSolution
		SolutionGuid = {B0E0CCB1-3B90-4413-A006-2A94162D1865}
	EndGlobalSection
EndGlobal
