
Microsoft Visual Studio Solution File, Format Version 12.00
# Visual Studio Version 17
VisualStudioVersion = 17.13.35931.197 d17.13
MinimumVisualStudioVersion = 10.0.40219.1
Project("{FAE04EC0-301F-11D3-BF4B-00C04F79EFBC}") = "S250616_OOP_GUI_Observer", "S250616_OOP_GUI_Observer.csproj", "{6895517A-E452-4A4B-882E-2803825CE148}"
EndProject
Global
	GlobalSection(SolutionConfigurationPlatforms) = preSolution
		Debug|Any CPU = Debug|Any CPU
		Release|Any CPU = Release|Any CPU
	EndGlobalSection
	GlobalSection(ProjectConfigurationPlatforms) = postSolution
		{6895517A-E452-4A4B-882E-2803825CE148}.Debug|Any CPU.ActiveCfg = Debug|Any CPU
		{6895517A-E452-4A4B-882E-2803825CE148}.Debug|Any CPU.Build.0 = Debug|Any CPU
		{6895517A-E452-4A4B-882E-2803825CE148}.Release|Any CPU.ActiveCfg = Release|Any CPU
		{6895517A-E452-4A4B-882E-2803825CE148}.Release|Any CPU.Build.0 = Release|Any CPU
	EndGlobalSection
	GlobalSection(SolutionProperties) = preSolution
		HideSolutionNode = FALSE
	EndGlobalSection
	GlobalSection(ExtensibilityGlobals) = postSolution
		SolutionGuid = {577FDADB-902B-4682-98A1-4D325D6B767A}
	EndGlobalSection
EndGlobal
