
Microsoft Visual Studio Solution File, Format Version 12.00
# Visual Studio Version 17
VisualStudioVersion = 17.13.35931.197 d17.13
MinimumVisualStudioVersion = 10.0.40219.1
Project("{FAE04EC0-301F-11D3-BF4B-00C04F79EFBC}") = "S250528_SocketClientWinform", "S250528_SocketClientWinform.csproj", "{6F3A0F80-F129-4DB3-933C-08307FCAFF7E}"
EndProject
Global
	GlobalSection(SolutionConfigurationPlatforms) = preSolution
		Debug|Any CPU = Debug|Any CPU
		Release|Any CPU = Release|Any CPU
	EndGlobalSection
	GlobalSection(ProjectConfigurationPlatforms) = postSolution
		{6F3A0F80-F129-4DB3-933C-08307FCAFF7E}.Debug|Any CPU.ActiveCfg = Debug|Any CPU
		{6F3A0F80-F129-4DB3-933C-08307FCAFF7E}.Debug|Any CPU.Build.0 = Debug|Any CPU
		{6F3A0F80-F129-4DB3-933C-08307FCAFF7E}.Release|Any CPU.ActiveCfg = Release|Any CPU
		{6F3A0F80-F129-4DB3-933C-08307FCAFF7E}.Release|Any CPU.Build.0 = Release|Any CPU
	EndGlobalSection
	GlobalSection(SolutionProperties) = preSolution
		HideSolutionNode = FALSE
	EndGlobalSection
	GlobalSection(ExtensibilityGlobals) = postSolution
		SolutionGuid = {488AED01-AFA2-4CC5-A1D4-A897D310B3EB}
	EndGlobalSection
EndGlobal
