
Microsoft Visual Studio Solution File, Format Version 12.00
# Visual Studio Version 17
VisualStudioVersion = 17.13.35931.197 d17.13
MinimumVisualStudioVersion = 10.0.40219.1
Project("{FAE04EC0-301F-11D3-BF4B-00C04F79EFBC}") = "S250523_WinformInWPF", "S250523_WinformInWPF.csproj", "{F566D1F5-245C-4C1B-8D29-D96DC0B6E61C}"
EndProject
Global
	GlobalSection(SolutionConfigurationPlatforms) = preSolution
		Debug|Any CPU = Debug|Any CPU
		Release|Any CPU = Release|Any CPU
	EndGlobalSection
	GlobalSection(ProjectConfigurationPlatforms) = postSolution
		{F566D1F5-245C-4C1B-8D29-D96DC0B6E61C}.Debug|Any CPU.ActiveCfg = Debug|Any CPU
		{F566D1F5-245C-4C1B-8D29-D96DC0B6E61C}.Debug|Any CPU.Build.0 = Debug|Any CPU
		{F566D1F5-245C-4C1B-8D29-D96DC0B6E61C}.Release|Any CPU.ActiveCfg = Release|Any CPU
		{F566D1F5-245C-4C1B-8D29-D96DC0B6E61C}.Release|Any CPU.Build.0 = Release|Any CPU
	EndGlobalSection
	GlobalSection(SolutionProperties) = preSolution
		HideSolutionNode = FALSE
	EndGlobalSection
	GlobalSection(ExtensibilityGlobals) = postSolution
		SolutionGuid = {9110DF7B-34CD-4D12-99EB-66A906883A03}
	EndGlobalSection
EndGlobal
